
Microsoft Visual Studio Solution File, Format Version 12.00
# Visual Studio Version 17
VisualStudioVersion = 17.7.34024.191
MinimumVisualStudioVersion = 10.0.40219.1
Project("{FAE04EC0-301F-11D3-BF4B-00C04F79EFBC}") = "ProductMonitor1", "ProductMonitor1\ProductMonitor1.csproj", "{7F0D90B8-7E3F-4B9D-839B-7162AD7D7201}"
EndProject
Global
	GlobalSection(SolutionConfigurationPlatforms) = preSolution
		Debug|Any CPU = Debug|Any CPU
		Release|Any CPU = Release|Any CPU
	EndGlobalSection
	GlobalSection(ProjectConfigurationPlatforms) = postSolution
		{7F0D90B8-7E3F-4B9D-839B-7162AD7D7201}.Debug|Any CPU.ActiveCfg = Debug|Any CPU
		{7F0D90B8-7E3F-4B9D-839B-7162AD7D7201}.Debug|Any CPU.Build.0 = Debug|Any CPU
		{7F0D90B8-7E3F-4B9D-839B-7162AD7D7201}.Release|Any CPU.ActiveCfg = Release|Any CPU
		{7F0D90B8-7E3F-4B9D-839B-7162AD7D7201}.Release|Any CPU.Build.0 = Release|Any CPU
	EndGlobalSection
	GlobalSection(SolutionProperties) = preSolution
		HideSolutionNode = FALSE
	EndGlobalSection
	GlobalSection(ExtensibilityGlobals) = postSolution
		SolutionGuid = {62B65BA4-0323-40F6-AE93-4A17E278F6D0}
	EndGlobalSection
EndGlobal
